# This file is autogenerated, do not edit; changes may be undone by the next 'dep ensure'.


[[projects]]
  name = "github.com/cespare/xxhash"
  packages = ["."]
  revision = "5c37fe3735342a2e0d01c87a907579987c8936cc"
  version = "v1.0.0"

[[projects]]
  branch = "master"
  name = "github.com/dgryski/go-bits"
  packages = ["."]
  revision = "2ad8d707cc05b1815ce6ff2543bb5e8d8f9298ef"

[[projects]]
  branch = "master"
  name = "github.com/dgryski/go-bitstream"
  packages = ["."]
  revision = "7d46cd22db7004f0cceb6f7975824b560cf0e486"

[[projects]]
  name = "github.com/gogo/protobuf"
  packages = ["proto"]
  revision = "100ba4e885062801d56799d78530b73b178a78f3"
  version = "v0.4"

[[projects]]
  branch = "master"
  name = "github.com/golang/snappy"
  packages = ["."]
  revision = "553a641470496b2327abcac10b36396bd98e45c9"

[[projects]]
  branch = "master"
  name = "github.com/jwilder/encoding"
  packages = ["simple8b"]
  revision = "b4e1701a28efcc637d9afcca7d38e495fe909a09"

[[projects]]
  name = "github.com/spaolacci/murmur3"
  packages = ["."]
  revision = "0d12bf811670bf6a1a63828dfbd003eded177fce"
  version = "v1.0"

[[projects]]
  branch = "v1.3.5-fix_dep"
  name = "github.com/tsunami42/influxdb"
  packages = ["influxql","influxql/internal","influxql/neldermead","models","monitor/diagnostics","pkg/bloom","pkg/bytesutil","pkg/escape","pkg/estimator","pkg/estimator/hll","pkg/limiter","pkg/mmap","pkg/pool","pkg/rhh","toml","tsdb","tsdb/engine/tsm1","tsdb/index","tsdb/index/inmem","tsdb/index/tsi1","tsdb/internal"]
  revision = "25b1dc1d4ea56fa36d6cb6b57ffbeccf428f5948"

[[projects]]
  name = "go.uber.org/atomic"
  packages = ["."]
  revision = "4e336646b2ef9fc6e47be8e21594178f98e5ebcf"
  version = "v1.2.0"

[[projects]]
  name = "go.uber.org/multierr"
  packages = ["."]
  revision = "3c4937480c32f4c13a875a1829af76c98ca3d40a"
  version = "v1.1.0"

[[projects]]
  name = "go.uber.org/zap"
  packages = [".","buffer","internal/bufferpool","internal/color","internal/exit","zapcore"]
  revision = "3216c4c73e8ebbafff73c456dd27143f4a7c1f94"
  version = "v1.6.0"

[[projects]]
  branch = "master"
  name = "golang.org/x/sys"
  packages = ["unix"]
  revision = "062cd7e4e68206d8bab9b18396626e855c992658"

[solve-meta]
  analyzer-name = "dep"
  analyzer-version = 1
  inputs-digest = "97c7aa32284e2893b9b0b1380eacc5ba82a10d1cb056fcb7bdde696b5b1f0114"
  solver-name = "gps-cdcl"
  solver-version = 1
